
Microsoft Visual Studio Solution File, Format Version 12.00
# Visual Studio Version 16
VisualStudioVersion = 16.0.30621.155
MinimumVisualStudioVersion = 10.0.40219.1
Project("{8BC9CEB8-8B4A-11D0-8D11-00A0C91BC942}") = "GraVis", "GraVis\GraVis.vcxproj", "{DF0C259C-BA5E-4D41-A633-6CB3334A4E22}"
EndProject
Global
	GlobalSection(SolutionConfigurationPlatforms) = preSolution
		Debug|x64 = Debug|x64
		Release|x64 = Release|x64
	EndGlobalSection
	GlobalSection(ProjectConfigurationPlatforms) = postSolution
		{DF0C259C-BA5E-4D41-A633-6CB3334A4E22}.Debug|x64.ActiveCfg = Debug|x64
		{DF0C259C-BA5E-4D41-A633-6CB3334A4E22}.Debug|x64.Build.0 = Debug|x64
		{DF0C259C-BA5E-4D41-A633-6CB3334A4E22}.Release|x64.ActiveCfg = Release|x64
		{DF0C259C-BA5E-4D41-A633-6CB3334A4E22}.Release|x64.Build.0 = Release|x64
	EndGlobalSection
	GlobalSection(SolutionProperties) = preSolution
		HideSolutionNode = FALSE
	EndGlobalSection
	GlobalSection(ExtensibilityGlobals) = postSolution
		SolutionGuid = {16ADE22C-79A1-4F03-989D-E6E2627D5FB9}
	EndGlobalSection
EndGlobal
